
Microsoft Visual Studio Solution File, Format Version 12.00
# Visual Studio Version 16
VisualStudioVersion = 16.0.31613.86
MinimumVisualStudioVersion = 10.0.40219.1
Project("{FAE04EC0-301F-11D3-BF4B-00C04F79EFBC}") = "Black Mesa HRMS", "Black Mesa HRMS\Black Mesa HRMS.csproj", "{1A7CF27C-00CD-4F3D-8FA0-937F9C58214C}"
EndProject
Global
	GlobalSection(SolutionConfigurationPlatforms) = preSolution
		Debug|Any CPU = Debug|Any CPU
		Release|Any CPU = Release|Any CPU
	EndGlobalSection
	GlobalSection(ProjectConfigurationPlatforms) = postSolution
		{1A7CF27C-00CD-4F3D-8FA0-937F9C58214C}.Debug|Any CPU.ActiveCfg = Debug|Any CPU
		{1A7CF27C-00CD-4F3D-8FA0-937F9C58214C}.Debug|Any CPU.Build.0 = Debug|Any CPU
		{1A7CF27C-00CD-4F3D-8FA0-937F9C58214C}.Release|Any CPU.ActiveCfg = Release|Any CPU
		{1A7CF27C-00CD-4F3D-8FA0-937F9C58214C}.Release|Any CPU.Build.0 = Release|Any CPU
	EndGlobalSection
	GlobalSection(SolutionProperties) = preSolution
		HideSolutionNode = FALSE
	EndGlobalSection
	GlobalSection(ExtensibilityGlobals) = postSolution
		SolutionGuid = {21ADCCAE-E26A-4770-A93C-3DF28251BE56}
	EndGlobalSection
EndGlobal
