
Microsoft Visual Studio Solution File, Format Version 12.00
# Visual Studio Version 16
VisualStudioVersion = 16.0.31613.86
MinimumVisualStudioVersion = 10.0.40219.1
Project("{FAE04EC0-301F-11D3-BF4B-00C04F79EFBC}") = "Portfolio", "Portfolio\Portfolio.csproj", "{0D5243B3-4895-4B1B-BEAA-A4944C5B8AAD}"
EndProject
Global
	GlobalSection(SolutionConfigurationPlatforms) = preSolution
		Debug|Any CPU = Debug|Any CPU
		Release|Any CPU = Release|Any CPU
	EndGlobalSection
	GlobalSection(ProjectConfigurationPlatforms) = postSolution
		{0D5243B3-4895-4B1B-BEAA-A4944C5B8AAD}.Debug|Any CPU.ActiveCfg = Debug|Any CPU
		{0D5243B3-4895-4B1B-BEAA-A4944C5B8AAD}.Debug|Any CPU.Build.0 = Debug|Any CPU
		{0D5243B3-4895-4B1B-BEAA-A4944C5B8AAD}.Release|Any CPU.ActiveCfg = Release|Any CPU
		{0D5243B3-4895-4B1B-BEAA-A4944C5B8AAD}.Release|Any CPU.Build.0 = Release|Any CPU
	EndGlobalSection
	GlobalSection(SolutionProperties) = preSolution
		HideSolutionNode = FALSE
	EndGlobalSection
	GlobalSection(ExtensibilityGlobals) = postSolution
		SolutionGuid = {B4376EEA-7B42-47F9-999F-F8DB417AE318}
	EndGlobalSection
EndGlobal
