
Microsoft Visual Studio Solution File, Format Version 12.00
# Visual Studio Version 16
VisualStudioVersion = 16.0.32002.261
MinimumVisualStudioVersion = 10.0.40219.1
Project("{FAE04EC0-301F-11D3-BF4B-00C04F79EFBC}") = "BookStore.Api", "BookStore.Api\BookStore.Api.csproj", "{5726CFCC-3DE1-466E-9D7E-BFE5AE45315E}"
EndProject
Project("{FAE04EC0-301F-11D3-BF4B-00C04F79EFBC}") = "BookStore.Data", "BookStore.Data\BookStore.Data.csproj", "{05C2AA63-9E6A-4E2F-8CA1-228FBA2E77EA}"
EndProject
Project("{FAE04EC0-301F-11D3-BF4B-00C04F79EFBC}") = "BookStore.Core", "BookStore.Core\BookStore.Core.csproj", "{2FCD28F3-A9AF-40B2-893F-7086AD014D80}"
EndProject
Global
	GlobalSection(SolutionConfigurationPlatforms) = preSolution
		Debug|Any CPU = Debug|Any CPU
		Release|Any CPU = Release|Any CPU
	EndGlobalSection
	GlobalSection(ProjectConfigurationPlatforms) = postSolution
		{5726CFCC-3DE1-466E-9D7E-BFE5AE45315E}.Debug|Any CPU.ActiveCfg = Debug|Any CPU
		{5726CFCC-3DE1-466E-9D7E-BFE5AE45315E}.Debug|Any CPU.Build.0 = Debug|Any CPU
		{5726CFCC-3DE1-466E-9D7E-BFE5AE45315E}.Release|Any CPU.ActiveCfg = Release|Any CPU
		{5726CFCC-3DE1-466E-9D7E-BFE5AE45315E}.Release|Any CPU.Build.0 = Release|Any CPU
		{05C2AA63-9E6A-4E2F-8CA1-228FBA2E77EA}.Debug|Any CPU.ActiveCfg = Debug|Any CPU
		{05C2AA63-9E6A-4E2F-8CA1-228FBA2E77EA}.Debug|Any CPU.Build.0 = Debug|Any CPU
		{05C2AA63-9E6A-4E2F-8CA1-228FBA2E77EA}.Release|Any CPU.ActiveCfg = Release|Any CPU
		{05C2AA63-9E6A-4E2F-8CA1-228FBA2E77EA}.Release|Any CPU.Build.0 = Release|Any CPU
		{2FCD28F3-A9AF-40B2-893F-7086AD014D80}.Debug|Any CPU.ActiveCfg = Debug|Any CPU
		{2FCD28F3-A9AF-40B2-893F-7086AD014D80}.Debug|Any CPU.Build.0 = Debug|Any CPU
		{2FCD28F3-A9AF-40B2-893F-7086AD014D80}.Release|Any CPU.ActiveCfg = Release|Any CPU
		{2FCD28F3-A9AF-40B2-893F-7086AD014D80}.Release|Any CPU.Build.0 = Release|Any CPU
	EndGlobalSection
	GlobalSection(SolutionProperties) = preSolution
		HideSolutionNode = FALSE
	EndGlobalSection
	GlobalSection(ExtensibilityGlobals) = postSolution
		SolutionGuid = {0D93909E-4DE0-4247-8095-40F6ACDC3C11}
	EndGlobalSection
EndGlobal
